
Microsoft Visual Studio Solution File, Format Version 12.00
# Visual Studio 15
VisualStudioVersion = 15.0.28307.329
MinimumVisualStudioVersion = 10.0.40219.1
Project("{8BC9CEB8-8B4A-11D0-8D11-00A0C91BC942}") = "HodEngine", "HodEngine\HodEngine.vcxproj", "{81B685D6-8D95-4862-BFCF-14F367AA3DFA}"
EndProject
Project("{8BC9CEB8-8B4A-11D0-8D11-00A0C91BC942}") = "AntTweakBar", "AntTweakBar\Build\TweakBar\AntTweakBar.vcxproj", "{F1DE7A7E-48FD-38E9-A246-3266F461C33C}"
EndProject
Project("{8BC9CEB8-8B4A-11D0-8D11-00A0C91BC942}") = "glfw", "glfw\Build\src\glfw.vcxproj", "{F5DC286E-191E-3240-866B-22EF6C6E3659}"
EndProject
Project("{8BC9CEB8-8B4A-11D0-8D11-00A0C91BC942}") = "PhysX", "PhysX\physx\compiler\vc15win64\sdk_source_bin\PhysX.vcxproj", "{1F101913-D39D-3449-8BE2-48D8C906CEAD}"
EndProject
Project("{8BC9CEB8-8B4A-11D0-8D11-00A0C91BC942}") = "LowLevel", "PhysX\physx\compiler\vc15win64\sdk_source_bin\LowLevel.vcxproj", "{EA2D63ED-6928-3833-94F0-E27996B11E62}"
EndProject
Project("{8BC9CEB8-8B4A-11D0-8D11-00A0C91BC942}") = "LowLevelAABB", "PhysX\physx\compiler\vc15win64\sdk_source_bin\LowLevelAABB.vcxproj", "{19BA90F7-321A-3383-ADB1-7A3B0A37E567}"
EndProject
Project("{8BC9CEB8-8B4A-11D0-8D11-00A0C91BC942}") = "LowLevelDynamics", "PhysX\physx\compiler\vc15win64\sdk_source_bin\LowLevelDynamics.vcxproj", "{1BF7DE60-B9FB-3C07-BEA6-D9F8E4D2196B}"
EndProject
Project("{8BC9CEB8-8B4A-11D0-8D11-00A0C91BC942}") = "PhysXTask", "PhysX\physx\compiler\vc15win64\sdk_source_bin\PhysXTask.vcxproj", "{C94D8A8B-BC80-31AC-AB17-1E01B84248BD}"
EndProject
Project("{8BC9CEB8-8B4A-11D0-8D11-00A0C91BC942}") = "SceneQuery", "PhysX\physx\compiler\vc15win64\sdk_source_bin\SceneQuery.vcxproj", "{9CE654A2-8A55-3B72-8FE7-3B77476A48C2}"
EndProject
Project("{8BC9CEB8-8B4A-11D0-8D11-00A0C91BC942}") = "SimulationController", "PhysX\physx\compiler\vc15win64\sdk_source_bin\SimulationController.vcxproj", "{67AC0972-6CD7-3AC6-9DA7-CD11ECF6FAF4}"
EndProject
Project("{8BC9CEB8-8B4A-11D0-8D11-00A0C91BC942}") = "PhysXPvdSDK", "PhysX\physx\compiler\vc15win64\sdk_source_bin\PhysXPvdSDK.vcxproj", "{6FF85E36-E289-3265-B20B-CD6F9D37B8E5}"
EndProject
Project("{8BC9CEB8-8B4A-11D0-8D11-00A0C91BC942}") = "PhysXCommon", "PhysX\physx\compiler\vc15win64\sdk_source_bin\PhysXCommon.vcxproj", "{6143F2AE-056A-325F-BC4E-971D35A8A9C9}"
EndProject
Project("{8BC9CEB8-8B4A-11D0-8D11-00A0C91BC942}") = "PhysXFoundation", "PhysX\physx\compiler\vc15win64\sdk_source_bin\PhysXFoundation.vcxproj", "{C8A02733-FCCF-3E01-985D-CF3D2F699ECA}"
EndProject
Project("{8BC9CEB8-8B4A-11D0-8D11-00A0C91BC942}") = "ATBGuiRenderer", "AntTweakBar\Build\Renderer\ATBGuiRenderer.vcxproj", "{E084DBD6-AAA6-3748-9D38-BDBF958D6991}"
EndProject
Project("{8BC9CEB8-8B4A-11D0-8D11-00A0C91BC942}") = "PhysXExtensions", "PhysX\physx\compiler\vc15win64\sdk_source_bin\PhysXExtensions.vcxproj", "{56A82281-1CEC-3977-9C05-43E4EDB7C157}"
EndProject
Project("{8BC9CEB8-8B4A-11D0-8D11-00A0C91BC942}") = "FastXml", "PhysX\physx\compiler\vc15win64\sdk_source_bin\FastXml.vcxproj", "{D61B99C8-0CFB-3C96-BC4A-4848DDF922E8}"
EndProject
Global
	GlobalSection(SolutionConfigurationPlatforms) = preSolution
		checked|x64 = checked|x64
		Debug|x64 = Debug|x64
		MinSizeRel|x64 = MinSizeRel|x64
		profile|x64 = profile|x64
		Release|x64 = Release|x64
		RelWithDebInfo|x64 = RelWithDebInfo|x64
	EndGlobalSection
	GlobalSection(ProjectConfigurationPlatforms) = postSolution
		{81B685D6-8D95-4862-BFCF-14F367AA3DFA}.checked|x64.ActiveCfg = Release|x64
		{81B685D6-8D95-4862-BFCF-14F367AA3DFA}.checked|x64.Build.0 = Release|x64
		{81B685D6-8D95-4862-BFCF-14F367AA3DFA}.Debug|x64.ActiveCfg = Debug|x64
		{81B685D6-8D95-4862-BFCF-14F367AA3DFA}.Debug|x64.Build.0 = Debug|x64
		{81B685D6-8D95-4862-BFCF-14F367AA3DFA}.MinSizeRel|x64.ActiveCfg = Release|x64
		{81B685D6-8D95-4862-BFCF-14F367AA3DFA}.MinSizeRel|x64.Build.0 = Release|x64
		{81B685D6-8D95-4862-BFCF-14F367AA3DFA}.profile|x64.ActiveCfg = Release|x64
		{81B685D6-8D95-4862-BFCF-14F367AA3DFA}.profile|x64.Build.0 = Release|x64
		{81B685D6-8D95-4862-BFCF-14F367AA3DFA}.Release|x64.ActiveCfg = Release|x64
		{81B685D6-8D95-4862-BFCF-14F367AA3DFA}.Release|x64.Build.0 = Release|x64
		{81B685D6-8D95-4862-BFCF-14F367AA3DFA}.RelWithDebInfo|x64.ActiveCfg = Release|x64
		{81B685D6-8D95-4862-BFCF-14F367AA3DFA}.RelWithDebInfo|x64.Build.0 = Release|x64
		{F1DE7A7E-48FD-38E9-A246-3266F461C33C}.checked|x64.ActiveCfg = RelWithDebInfo|x64
		{F1DE7A7E-48FD-38E9-A246-3266F461C33C}.checked|x64.Build.0 = RelWithDebInfo|x64
		{F1DE7A7E-48FD-38E9-A246-3266F461C33C}.Debug|x64.ActiveCfg = Debug|x64
		{F1DE7A7E-48FD-38E9-A246-3266F461C33C}.Debug|x64.Build.0 = Debug|x64
		{F1DE7A7E-48FD-38E9-A246-3266F461C33C}.MinSizeRel|x64.ActiveCfg = MinSizeRel|x64
		{F1DE7A7E-48FD-38E9-A246-3266F461C33C}.MinSizeRel|x64.Build.0 = MinSizeRel|x64
		{F1DE7A7E-48FD-38E9-A246-3266F461C33C}.profile|x64.ActiveCfg = RelWithDebInfo|x64
		{F1DE7A7E-48FD-38E9-A246-3266F461C33C}.profile|x64.Build.0 = RelWithDebInfo|x64
		{F1DE7A7E-48FD-38E9-A246-3266F461C33C}.Release|x64.ActiveCfg = Release|x64
		{F1DE7A7E-48FD-38E9-A246-3266F461C33C}.Release|x64.Build.0 = Release|x64
		{F1DE7A7E-48FD-38E9-A246-3266F461C33C}.RelWithDebInfo|x64.ActiveCfg = RelWithDebInfo|x64
		{F1DE7A7E-48FD-38E9-A246-3266F461C33C}.RelWithDebInfo|x64.Build.0 = RelWithDebInfo|x64
		{F5DC286E-191E-3240-866B-22EF6C6E3659}.checked|x64.ActiveCfg = MinSizeRel|x64
		{F5DC286E-191E-3240-866B-22EF6C6E3659}.checked|x64.Build.0 = MinSizeRel|x64
		{F5DC286E-191E-3240-866B-22EF6C6E3659}.Debug|x64.ActiveCfg = Debug|x64
		{F5DC286E-191E-3240-866B-22EF6C6E3659}.Debug|x64.Build.0 = Debug|x64
		{F5DC286E-191E-3240-866B-22EF6C6E3659}.MinSizeRel|x64.ActiveCfg = MinSizeRel|x64
		{F5DC286E-191E-3240-866B-22EF6C6E3659}.MinSizeRel|x64.Build.0 = MinSizeRel|x64
		{F5DC286E-191E-3240-866B-22EF6C6E3659}.profile|x64.ActiveCfg = MinSizeRel|x64
		{F5DC286E-191E-3240-866B-22EF6C6E3659}.profile|x64.Build.0 = MinSizeRel|x64
		{F5DC286E-191E-3240-866B-22EF6C6E3659}.Release|x64.ActiveCfg = Release|x64
		{F5DC286E-191E-3240-866B-22EF6C6E3659}.Release|x64.Build.0 = Release|x64
		{F5DC286E-191E-3240-866B-22EF6C6E3659}.RelWithDebInfo|x64.ActiveCfg = RelWithDebInfo|x64
		{F5DC286E-191E-3240-866B-22EF6C6E3659}.RelWithDebInfo|x64.Build.0 = RelWithDebInfo|x64
		{1F101913-D39D-3449-8BE2-48D8C906CEAD}.checked|x64.ActiveCfg = checked|x64
		{1F101913-D39D-3449-8BE2-48D8C906CEAD}.checked|x64.Build.0 = checked|x64
		{1F101913-D39D-3449-8BE2-48D8C906CEAD}.Debug|x64.ActiveCfg = debug|x64
		{1F101913-D39D-3449-8BE2-48D8C906CEAD}.Debug|x64.Build.0 = debug|x64
		{1F101913-D39D-3449-8BE2-48D8C906CEAD}.MinSizeRel|x64.ActiveCfg = checked|x64
		{1F101913-D39D-3449-8BE2-48D8C906CEAD}.MinSizeRel|x64.Build.0 = checked|x64
		{1F101913-D39D-3449-8BE2-48D8C906CEAD}.profile|x64.ActiveCfg = profile|x64
		{1F101913-D39D-3449-8BE2-48D8C906CEAD}.profile|x64.Build.0 = profile|x64
		{1F101913-D39D-3449-8BE2-48D8C906CEAD}.Release|x64.ActiveCfg = release|x64
		{1F101913-D39D-3449-8BE2-48D8C906CEAD}.Release|x64.Build.0 = release|x64
		{1F101913-D39D-3449-8BE2-48D8C906CEAD}.RelWithDebInfo|x64.ActiveCfg = release|x64
		{1F101913-D39D-3449-8BE2-48D8C906CEAD}.RelWithDebInfo|x64.Build.0 = release|x64
		{EA2D63ED-6928-3833-94F0-E27996B11E62}.checked|x64.ActiveCfg = checked|x64
		{EA2D63ED-6928-3833-94F0-E27996B11E62}.checked|x64.Build.0 = checked|x64
		{EA2D63ED-6928-3833-94F0-E27996B11E62}.Debug|x64.ActiveCfg = debug|x64
		{EA2D63ED-6928-3833-94F0-E27996B11E62}.Debug|x64.Build.0 = debug|x64
		{EA2D63ED-6928-3833-94F0-E27996B11E62}.MinSizeRel|x64.ActiveCfg = checked|x64
		{EA2D63ED-6928-3833-94F0-E27996B11E62}.MinSizeRel|x64.Build.0 = checked|x64
		{EA2D63ED-6928-3833-94F0-E27996B11E62}.profile|x64.ActiveCfg = profile|x64
		{EA2D63ED-6928-3833-94F0-E27996B11E62}.profile|x64.Build.0 = profile|x64
		{EA2D63ED-6928-3833-94F0-E27996B11E62}.Release|x64.ActiveCfg = release|x64
		{EA2D63ED-6928-3833-94F0-E27996B11E62}.Release|x64.Build.0 = release|x64
		{EA2D63ED-6928-3833-94F0-E27996B11E62}.RelWithDebInfo|x64.ActiveCfg = release|x64
		{EA2D63ED-6928-3833-94F0-E27996B11E62}.RelWithDebInfo|x64.Build.0 = release|x64
		{19BA90F7-321A-3383-ADB1-7A3B0A37E567}.checked|x64.ActiveCfg = checked|x64
		{19BA90F7-321A-3383-ADB1-7A3B0A37E567}.checked|x64.Build.0 = checked|x64
		{19BA90F7-321A-3383-ADB1-7A3B0A37E567}.Debug|x64.ActiveCfg = debug|x64
		{19BA90F7-321A-3383-ADB1-7A3B0A37E567}.Debug|x64.Build.0 = debug|x64
		{19BA90F7-321A-3383-ADB1-7A3B0A37E567}.MinSizeRel|x64.ActiveCfg = checked|x64
		{19BA90F7-321A-3383-ADB1-7A3B0A37E567}.MinSizeRel|x64.Build.0 = checked|x64
		{19BA90F7-321A-3383-ADB1-7A3B0A37E567}.profile|x64.ActiveCfg = profile|x64
		{19BA90F7-321A-3383-ADB1-7A3B0A37E567}.profile|x64.Build.0 = profile|x64
		{19BA90F7-321A-3383-ADB1-7A3B0A37E567}.Release|x64.ActiveCfg = release|x64
		{19BA90F7-321A-3383-ADB1-7A3B0A37E567}.Release|x64.Build.0 = release|x64
		{19BA90F7-321A-3383-ADB1-7A3B0A37E567}.RelWithDebInfo|x64.ActiveCfg = release|x64
		{19BA90F7-321A-3383-ADB1-7A3B0A37E567}.RelWithDebInfo|x64.Build.0 = release|x64
		{1BF7DE60-B9FB-3C07-BEA6-D9F8E4D2196B}.checked|x64.ActiveCfg = checked|x64
		{1BF7DE60-B9FB-3C07-BEA6-D9F8E4D2196B}.checked|x64.Build.0 = checked|x64
		{1BF7DE60-B9FB-3C07-BEA6-D9F8E4D2196B}.Debug|x64.ActiveCfg = debug|x64
		{1BF7DE60-B9FB-3C07-BEA6-D9F8E4D2196B}.Debug|x64.Build.0 = debug|x64
		{1BF7DE60-B9FB-3C07-BEA6-D9F8E4D2196B}.MinSizeRel|x64.ActiveCfg = checked|x64
		{1BF7DE60-B9FB-3C07-BEA6-D9F8E4D2196B}.MinSizeRel|x64.Build.0 = checked|x64
		{1BF7DE60-B9FB-3C07-BEA6-D9F8E4D2196B}.profile|x64.ActiveCfg = profile|x64
		{1BF7DE60-B9FB-3C07-BEA6-D9F8E4D2196B}.profile|x64.Build.0 = profile|x64
		{1BF7DE60-B9FB-3C07-BEA6-D9F8E4D2196B}.Release|x64.ActiveCfg = release|x64
		{1BF7DE60-B9FB-3C07-BEA6-D9F8E4D2196B}.Release|x64.Build.0 = release|x64
		{1BF7DE60-B9FB-3C07-BEA6-D9F8E4D2196B}.RelWithDebInfo|x64.ActiveCfg = release|x64
		{1BF7DE60-B9FB-3C07-BEA6-D9F8E4D2196B}.RelWithDebInfo|x64.Build.0 = release|x64
		{C94D8A8B-BC80-31AC-AB17-1E01B84248BD}.checked|x64.ActiveCfg = checked|x64
		{C94D8A8B-BC80-31AC-AB17-1E01B84248BD}.checked|x64.Build.0 = checked|x64
		{C94D8A8B-BC80-31AC-AB17-1E01B84248BD}.Debug|x64.ActiveCfg = debug|x64
		{C94D8A8B-BC80-31AC-AB17-1E01B84248BD}.Debug|x64.Build.0 = debug|x64
		{C94D8A8B-BC80-31AC-AB17-1E01B84248BD}.MinSizeRel|x64.ActiveCfg = checked|x64
		{C94D8A8B-BC80-31AC-AB17-1E01B84248BD}.MinSizeRel|x64.Build.0 = checked|x64
		{C94D8A8B-BC80-31AC-AB17-1E01B84248BD}.profile|x64.ActiveCfg = profile|x64
		{C94D8A8B-BC80-31AC-AB17-1E01B84248BD}.profile|x64.Build.0 = profile|x64
		{C94D8A8B-BC80-31AC-AB17-1E01B84248BD}.Release|x64.ActiveCfg = release|x64
		{C94D8A8B-BC80-31AC-AB17-1E01B84248BD}.Release|x64.Build.0 = release|x64
		{C94D8A8B-BC80-31AC-AB17-1E01B84248BD}.RelWithDebInfo|x64.ActiveCfg = release|x64
		{C94D8A8B-BC80-31AC-AB17-1E01B84248BD}.RelWithDebInfo|x64.Build.0 = release|x64
		{9CE654A2-8A55-3B72-8FE7-3B77476A48C2}.checked|x64.ActiveCfg = checked|x64
		{9CE654A2-8A55-3B72-8FE7-3B77476A48C2}.checked|x64.Build.0 = checked|x64
		{9CE654A2-8A55-3B72-8FE7-3B77476A48C2}.Debug|x64.ActiveCfg = debug|x64
		{9CE654A2-8A55-3B72-8FE7-3B77476A48C2}.Debug|x64.Build.0 = debug|x64
		{9CE654A2-8A55-3B72-8FE7-3B77476A48C2}.MinSizeRel|x64.ActiveCfg = checked|x64
		{9CE654A2-8A55-3B72-8FE7-3B77476A48C2}.MinSizeRel|x64.Build.0 = checked|x64
		{9CE654A2-8A55-3B72-8FE7-3B77476A48C2}.profile|x64.ActiveCfg = profile|x64
		{9CE654A2-8A55-3B72-8FE7-3B77476A48C2}.profile|x64.Build.0 = profile|x64
		{9CE654A2-8A55-3B72-8FE7-3B77476A48C2}.Release|x64.ActiveCfg = release|x64
		{9CE654A2-8A55-3B72-8FE7-3B77476A48C2}.Release|x64.Build.0 = release|x64
		{9CE654A2-8A55-3B72-8FE7-3B77476A48C2}.RelWithDebInfo|x64.ActiveCfg = release|x64
		{9CE654A2-8A55-3B72-8FE7-3B77476A48C2}.RelWithDebInfo|x64.Build.0 = release|x64
		{67AC0972-6CD7-3AC6-9DA7-CD11ECF6FAF4}.checked|x64.ActiveCfg = checked|x64
		{67AC0972-6CD7-3AC6-9DA7-CD11ECF6FAF4}.checked|x64.Build.0 = checked|x64
		{67AC0972-6CD7-3AC6-9DA7-CD11ECF6FAF4}.Debug|x64.ActiveCfg = debug|x64
		{67AC0972-6CD7-3AC6-9DA7-CD11ECF6FAF4}.Debug|x64.Build.0 = debug|x64
		{67AC0972-6CD7-3AC6-9DA7-CD11ECF6FAF4}.MinSizeRel|x64.ActiveCfg = checked|x64
		{67AC0972-6CD7-3AC6-9DA7-CD11ECF6FAF4}.MinSizeRel|x64.Build.0 = checked|x64
		{67AC0972-6CD7-3AC6-9DA7-CD11ECF6FAF4}.profile|x64.ActiveCfg = profile|x64
		{67AC0972-6CD7-3AC6-9DA7-CD11ECF6FAF4}.profile|x64.Build.0 = profile|x64
		{67AC0972-6CD7-3AC6-9DA7-CD11ECF6FAF4}.Release|x64.ActiveCfg = release|x64
		{67AC0972-6CD7-3AC6-9DA7-CD11ECF6FAF4}.Release|x64.Build.0 = release|x64
		{67AC0972-6CD7-3AC6-9DA7-CD11ECF6FAF4}.RelWithDebInfo|x64.ActiveCfg = release|x64
		{67AC0972-6CD7-3AC6-9DA7-CD11ECF6FAF4}.RelWithDebInfo|x64.Build.0 = release|x64
		{6FF85E36-E289-3265-B20B-CD6F9D37B8E5}.checked|x64.ActiveCfg = checked|x64
		{6FF85E36-E289-3265-B20B-CD6F9D37B8E5}.checked|x64.Build.0 = checked|x64
		{6FF85E36-E289-3265-B20B-CD6F9D37B8E5}.Debug|x64.ActiveCfg = debug|x64
		{6FF85E36-E289-3265-B20B-CD6F9D37B8E5}.Debug|x64.Build.0 = debug|x64
		{6FF85E36-E289-3265-B20B-CD6F9D37B8E5}.MinSizeRel|x64.ActiveCfg = checked|x64
		{6FF85E36-E289-3265-B20B-CD6F9D37B8E5}.MinSizeRel|x64.Build.0 = checked|x64
		{6FF85E36-E289-3265-B20B-CD6F9D37B8E5}.profile|x64.ActiveCfg = profile|x64
		{6FF85E36-E289-3265-B20B-CD6F9D37B8E5}.profile|x64.Build.0 = profile|x64
		{6FF85E36-E289-3265-B20B-CD6F9D37B8E5}.Release|x64.ActiveCfg = release|x64
		{6FF85E36-E289-3265-B20B-CD6F9D37B8E5}.Release|x64.Build.0 = release|x64
		{6FF85E36-E289-3265-B20B-CD6F9D37B8E5}.RelWithDebInfo|x64.ActiveCfg = release|x64
		{6FF85E36-E289-3265-B20B-CD6F9D37B8E5}.RelWithDebInfo|x64.Build.0 = release|x64
		{6143F2AE-056A-325F-BC4E-971D35A8A9C9}.checked|x64.ActiveCfg = checked|x64
		{6143F2AE-056A-325F-BC4E-971D35A8A9C9}.checked|x64.Build.0 = checked|x64
		{6143F2AE-056A-325F-BC4E-971D35A8A9C9}.Debug|x64.ActiveCfg = debug|x64
		{6143F2AE-056A-325F-BC4E-971D35A8A9C9}.Debug|x64.Build.0 = debug|x64
		{6143F2AE-056A-325F-BC4E-971D35A8A9C9}.MinSizeRel|x64.ActiveCfg = checked|x64
		{6143F2AE-056A-325F-BC4E-971D35A8A9C9}.MinSizeRel|x64.Build.0 = checked|x64
		{6143F2AE-056A-325F-BC4E-971D35A8A9C9}.profile|x64.ActiveCfg = profile|x64
		{6143F2AE-056A-325F-BC4E-971D35A8A9C9}.profile|x64.Build.0 = profile|x64
		{6143F2AE-056A-325F-BC4E-971D35A8A9C9}.Release|x64.ActiveCfg = release|x64
		{6143F2AE-056A-325F-BC4E-971D35A8A9C9}.Release|x64.Build.0 = release|x64
		{6143F2AE-056A-325F-BC4E-971D35A8A9C9}.RelWithDebInfo|x64.ActiveCfg = release|x64
		{6143F2AE-056A-325F-BC4E-971D35A8A9C9}.RelWithDebInfo|x64.Build.0 = release|x64
		{C8A02733-FCCF-3E01-985D-CF3D2F699ECA}.checked|x64.ActiveCfg = checked|x64
		{C8A02733-FCCF-3E01-985D-CF3D2F699ECA}.checked|x64.Build.0 = checked|x64
		{C8A02733-FCCF-3E01-985D-CF3D2F699ECA}.Debug|x64.ActiveCfg = debug|x64
		{C8A02733-FCCF-3E01-985D-CF3D2F699ECA}.Debug|x64.Build.0 = debug|x64
		{C8A02733-FCCF-3E01-985D-CF3D2F699ECA}.MinSizeRel|x64.ActiveCfg = checked|x64
		{C8A02733-FCCF-3E01-985D-CF3D2F699ECA}.MinSizeRel|x64.Build.0 = checked|x64
		{C8A02733-FCCF-3E01-985D-CF3D2F699ECA}.profile|x64.ActiveCfg = profile|x64
		{C8A02733-FCCF-3E01-985D-CF3D2F699ECA}.profile|x64.Build.0 = profile|x64
		{C8A02733-FCCF-3E01-985D-CF3D2F699ECA}.Release|x64.ActiveCfg = release|x64
		{C8A02733-FCCF-3E01-985D-CF3D2F699ECA}.Release|x64.Build.0 = release|x64
		{C8A02733-FCCF-3E01-985D-CF3D2F699ECA}.RelWithDebInfo|x64.ActiveCfg = release|x64
		{C8A02733-FCCF-3E01-985D-CF3D2F699ECA}.RelWithDebInfo|x64.Build.0 = release|x64
		{E084DBD6-AAA6-3748-9D38-BDBF958D6991}.checked|x64.ActiveCfg = MinSizeRel|x64
		{E084DBD6-AAA6-3748-9D38-BDBF958D6991}.checked|x64.Build.0 = MinSizeRel|x64
		{E084DBD6-AAA6-3748-9D38-BDBF958D6991}.Debug|x64.ActiveCfg = Debug|x64
		{E084DBD6-AAA6-3748-9D38-BDBF958D6991}.Debug|x64.Build.0 = Debug|x64
		{E084DBD6-AAA6-3748-9D38-BDBF958D6991}.MinSizeRel|x64.ActiveCfg = MinSizeRel|x64
		{E084DBD6-AAA6-3748-9D38-BDBF958D6991}.MinSizeRel|x64.Build.0 = MinSizeRel|x64
		{E084DBD6-AAA6-3748-9D38-BDBF958D6991}.profile|x64.ActiveCfg = MinSizeRel|x64
		{E084DBD6-AAA6-3748-9D38-BDBF958D6991}.profile|x64.Build.0 = MinSizeRel|x64
		{E084DBD6-AAA6-3748-9D38-BDBF958D6991}.Release|x64.ActiveCfg = Release|x64
		{E084DBD6-AAA6-3748-9D38-BDBF958D6991}.Release|x64.Build.0 = Release|x64
		{E084DBD6-AAA6-3748-9D38-BDBF958D6991}.RelWithDebInfo|x64.ActiveCfg = RelWithDebInfo|x64
		{E084DBD6-AAA6-3748-9D38-BDBF958D6991}.RelWithDebInfo|x64.Build.0 = RelWithDebInfo|x64
		{56A82281-1CEC-3977-9C05-43E4EDB7C157}.checked|x64.ActiveCfg = checked|x64
		{56A82281-1CEC-3977-9C05-43E4EDB7C157}.checked|x64.Build.0 = checked|x64
		{56A82281-1CEC-3977-9C05-43E4EDB7C157}.Debug|x64.ActiveCfg = debug|x64
		{56A82281-1CEC-3977-9C05-43E4EDB7C157}.Debug|x64.Build.0 = debug|x64
		{56A82281-1CEC-3977-9C05-43E4EDB7C157}.MinSizeRel|x64.ActiveCfg = checked|x64
		{56A82281-1CEC-3977-9C05-43E4EDB7C157}.MinSizeRel|x64.Build.0 = checked|x64
		{56A82281-1CEC-3977-9C05-43E4EDB7C157}.profile|x64.ActiveCfg = profile|x64
		{56A82281-1CEC-3977-9C05-43E4EDB7C157}.profile|x64.Build.0 = profile|x64
		{56A82281-1CEC-3977-9C05-43E4EDB7C157}.Release|x64.ActiveCfg = release|x64
		{56A82281-1CEC-3977-9C05-43E4EDB7C157}.Release|x64.Build.0 = release|x64
		{56A82281-1CEC-3977-9C05-43E4EDB7C157}.RelWithDebInfo|x64.ActiveCfg = release|x64
		{56A82281-1CEC-3977-9C05-43E4EDB7C157}.RelWithDebInfo|x64.Build.0 = release|x64
		{D61B99C8-0CFB-3C96-BC4A-4848DDF922E8}.checked|x64.ActiveCfg = checked|x64
		{D61B99C8-0CFB-3C96-BC4A-4848DDF922E8}.checked|x64.Build.0 = checked|x64
		{D61B99C8-0CFB-3C96-BC4A-4848DDF922E8}.Debug|x64.ActiveCfg = debug|x64
		{D61B99C8-0CFB-3C96-BC4A-4848DDF922E8}.Debug|x64.Build.0 = debug|x64
		{D61B99C8-0CFB-3C96-BC4A-4848DDF922E8}.MinSizeRel|x64.ActiveCfg = checked|x64
		{D61B99C8-0CFB-3C96-BC4A-4848DDF922E8}.MinSizeRel|x64.Build.0 = checked|x64
		{D61B99C8-0CFB-3C96-BC4A-4848DDF922E8}.profile|x64.ActiveCfg = profile|x64
		{D61B99C8-0CFB-3C96-BC4A-4848DDF922E8}.profile|x64.Build.0 = profile|x64
		{D61B99C8-0CFB-3C96-BC4A-4848DDF922E8}.Release|x64.ActiveCfg = release|x64
		{D61B99C8-0CFB-3C96-BC4A-4848DDF922E8}.Release|x64.Build.0 = release|x64
		{D61B99C8-0CFB-3C96-BC4A-4848DDF922E8}.RelWithDebInfo|x64.ActiveCfg = release|x64
		{D61B99C8-0CFB-3C96-BC4A-4848DDF922E8}.RelWithDebInfo|x64.Build.0 = release|x64
	EndGlobalSection
	GlobalSection(SolutionProperties) = preSolution
		HideSolutionNode = FALSE
	EndGlobalSection
	GlobalSection(ExtensibilityGlobals) = postSolution
		SolutionGuid = {D90E1BE7-3E29-4E7F-8E3A-8D802570A8FF}
	EndGlobalSection
EndGlobal
