
Microsoft Visual Studio Solution File, Format Version 12.00
# Visual Studio 15
VisualStudioVersion = 15.0.28307.329
MinimumVisualStudioVersion = 10.0.40219.1
Project("{8BC9CEB8-8B4A-11D0-8D11-00A0C91BC942}") = "HodEngine", "HodEngine\HodEngine.vcxproj", "{81B685D6-8D95-4862-BFCF-14F367AA3DFA}"
EndProject
Project("{8BC9CEB8-8B4A-11D0-8D11-00A0C91BC942}") = "AntTweakBar", "AntTweakBar\Build\TweakBar\AntTweakBar.vcxproj", "{A70F1CE7-E6E5-3A97-8362-6A0687C719A9}"
EndProject
Project("{8BC9CEB8-8B4A-11D0-8D11-00A0C91BC942}") = "PhysX", "PhysX\physx\compiler\vc15win64\sdk_source_bin\PhysX.vcxproj", "{48FC0D56-0AEF-39C9-9C55-12DE74176DF9}"
EndProject
Project("{8BC9CEB8-8B4A-11D0-8D11-00A0C91BC942}") = "LowLevel", "PhysX\physx\compiler\vc15win64\sdk_source_bin\LowLevel.vcxproj", "{2C160D95-C6E8-3F78-BF65-F16164F83247}"
EndProject
Project("{8BC9CEB8-8B4A-11D0-8D11-00A0C91BC942}") = "LowLevelAABB", "PhysX\physx\compiler\vc15win64\sdk_source_bin\LowLevelAABB.vcxproj", "{D344331D-79AF-3F3A-859B-A33EE2136F72}"
EndProject
Project("{8BC9CEB8-8B4A-11D0-8D11-00A0C91BC942}") = "LowLevelDynamics", "PhysX\physx\compiler\vc15win64\sdk_source_bin\LowLevelDynamics.vcxproj", "{0F8B87A2-0647-301E-9885-EBC6D33DC901}"
EndProject
Project("{8BC9CEB8-8B4A-11D0-8D11-00A0C91BC942}") = "PhysXTask", "PhysX\physx\compiler\vc15win64\sdk_source_bin\PhysXTask.vcxproj", "{CFF3BC7E-24FE-3C3C-888E-36836ADEB471}"
EndProject
Project("{8BC9CEB8-8B4A-11D0-8D11-00A0C91BC942}") = "SceneQuery", "PhysX\physx\compiler\vc15win64\sdk_source_bin\SceneQuery.vcxproj", "{4E10700C-C74B-3890-8147-5F3DC1A7E4C1}"
EndProject
Project("{8BC9CEB8-8B4A-11D0-8D11-00A0C91BC942}") = "SimulationController", "PhysX\physx\compiler\vc15win64\sdk_source_bin\SimulationController.vcxproj", "{83AD0BC4-BDF1-3F14-8D27-7EABFC6DA86E}"
EndProject
Project("{8BC9CEB8-8B4A-11D0-8D11-00A0C91BC942}") = "PhysXPvdSDK", "PhysX\physx\compiler\vc15win64\sdk_source_bin\PhysXPvdSDK.vcxproj", "{28F18195-A8F5-38C5-AAC7-9E8D9B9BAFB9}"
EndProject
Project("{8BC9CEB8-8B4A-11D0-8D11-00A0C91BC942}") = "PhysXCommon", "PhysX\physx\compiler\vc15win64\sdk_source_bin\PhysXCommon.vcxproj", "{025701D9-0CB1-31FB-A0BF-31DD342F7AFB}"
EndProject
Project("{8BC9CEB8-8B4A-11D0-8D11-00A0C91BC942}") = "PhysXFoundation", "PhysX\physx\compiler\vc15win64\sdk_source_bin\PhysXFoundation.vcxproj", "{A10BD60D-E96A-3DFC-8CC9-DD6B3DC19929}"
EndProject
Project("{8BC9CEB8-8B4A-11D0-8D11-00A0C91BC942}") = "ATBGuiRenderer", "AntTweakBar\Build\Renderer\ATBGuiRenderer.vcxproj", "{A82925BF-1BE8-3DB0-AA63-05189E7DA4AF}"
EndProject
Project("{8BC9CEB8-8B4A-11D0-8D11-00A0C91BC942}") = "PhysXExtensions", "PhysX\physx\compiler\vc15win64\sdk_source_bin\PhysXExtensions.vcxproj", "{19CD83BF-02E7-30E6-800E-661ED2B76237}"
EndProject
Project("{8BC9CEB8-8B4A-11D0-8D11-00A0C91BC942}") = "FastXml", "PhysX\physx\compiler\vc15win64\sdk_source_bin\FastXml.vcxproj", "{8281EACE-DDA0-30A6-AC5E-0FCD0B313528}"
EndProject
Global
	GlobalSection(SolutionConfigurationPlatforms) = preSolution
		checked|x64 = checked|x64
		Debug|x64 = Debug|x64
		MinSizeRel|x64 = MinSizeRel|x64
		profile|x64 = profile|x64
		Release|x64 = Release|x64
		RelWithDebInfo|x64 = RelWithDebInfo|x64
	EndGlobalSection
	GlobalSection(ProjectConfigurationPlatforms) = postSolution
		{81B685D6-8D95-4862-BFCF-14F367AA3DFA}.checked|x64.ActiveCfg = Release|x64
		{81B685D6-8D95-4862-BFCF-14F367AA3DFA}.checked|x64.Build.0 = Release|x64
		{81B685D6-8D95-4862-BFCF-14F367AA3DFA}.Debug|x64.ActiveCfg = Debug|x64
		{81B685D6-8D95-4862-BFCF-14F367AA3DFA}.Debug|x64.Build.0 = Debug|x64
		{81B685D6-8D95-4862-BFCF-14F367AA3DFA}.MinSizeRel|x64.ActiveCfg = Release|x64
		{81B685D6-8D95-4862-BFCF-14F367AA3DFA}.MinSizeRel|x64.Build.0 = Release|x64
		{81B685D6-8D95-4862-BFCF-14F367AA3DFA}.profile|x64.ActiveCfg = Release|x64
		{81B685D6-8D95-4862-BFCF-14F367AA3DFA}.profile|x64.Build.0 = Release|x64
		{81B685D6-8D95-4862-BFCF-14F367AA3DFA}.Release|x64.ActiveCfg = Release|x64
		{81B685D6-8D95-4862-BFCF-14F367AA3DFA}.Release|x64.Build.0 = Release|x64
		{81B685D6-8D95-4862-BFCF-14F367AA3DFA}.RelWithDebInfo|x64.ActiveCfg = Release|x64
		{81B685D6-8D95-4862-BFCF-14F367AA3DFA}.RelWithDebInfo|x64.Build.0 = Release|x64
		{A70F1CE7-E6E5-3A97-8362-6A0687C719A9}.checked|x64.ActiveCfg = RelWithDebInfo|x64
		{A70F1CE7-E6E5-3A97-8362-6A0687C719A9}.checked|x64.Build.0 = RelWithDebInfo|x64
		{A70F1CE7-E6E5-3A97-8362-6A0687C719A9}.Debug|x64.ActiveCfg = Debug|x64
		{A70F1CE7-E6E5-3A97-8362-6A0687C719A9}.Debug|x64.Build.0 = Debug|x64
		{A70F1CE7-E6E5-3A97-8362-6A0687C719A9}.MinSizeRel|x64.ActiveCfg = MinSizeRel|x64
		{A70F1CE7-E6E5-3A97-8362-6A0687C719A9}.MinSizeRel|x64.Build.0 = MinSizeRel|x64
		{A70F1CE7-E6E5-3A97-8362-6A0687C719A9}.profile|x64.ActiveCfg = RelWithDebInfo|x64
		{A70F1CE7-E6E5-3A97-8362-6A0687C719A9}.profile|x64.Build.0 = RelWithDebInfo|x64
		{A70F1CE7-E6E5-3A97-8362-6A0687C719A9}.Release|x64.ActiveCfg = Release|x64
		{A70F1CE7-E6E5-3A97-8362-6A0687C719A9}.Release|x64.Build.0 = Release|x64
		{A70F1CE7-E6E5-3A97-8362-6A0687C719A9}.RelWithDebInfo|x64.ActiveCfg = RelWithDebInfo|x64
		{A70F1CE7-E6E5-3A97-8362-6A0687C719A9}.RelWithDebInfo|x64.Build.0 = RelWithDebInfo|x64
		{48FC0D56-0AEF-39C9-9C55-12DE74176DF9}.checked|x64.ActiveCfg = checked|x64
		{48FC0D56-0AEF-39C9-9C55-12DE74176DF9}.checked|x64.Build.0 = checked|x64
		{48FC0D56-0AEF-39C9-9C55-12DE74176DF9}.Debug|x64.ActiveCfg = debug|x64
		{48FC0D56-0AEF-39C9-9C55-12DE74176DF9}.Debug|x64.Build.0 = debug|x64
		{48FC0D56-0AEF-39C9-9C55-12DE74176DF9}.MinSizeRel|x64.ActiveCfg = checked|x64
		{48FC0D56-0AEF-39C9-9C55-12DE74176DF9}.MinSizeRel|x64.Build.0 = checked|x64
		{48FC0D56-0AEF-39C9-9C55-12DE74176DF9}.profile|x64.ActiveCfg = profile|x64
		{48FC0D56-0AEF-39C9-9C55-12DE74176DF9}.profile|x64.Build.0 = profile|x64
		{48FC0D56-0AEF-39C9-9C55-12DE74176DF9}.Release|x64.ActiveCfg = release|x64
		{48FC0D56-0AEF-39C9-9C55-12DE74176DF9}.Release|x64.Build.0 = release|x64
		{48FC0D56-0AEF-39C9-9C55-12DE74176DF9}.RelWithDebInfo|x64.ActiveCfg = release|x64
		{48FC0D56-0AEF-39C9-9C55-12DE74176DF9}.RelWithDebInfo|x64.Build.0 = release|x64
		{2C160D95-C6E8-3F78-BF65-F16164F83247}.checked|x64.ActiveCfg = checked|x64
		{2C160D95-C6E8-3F78-BF65-F16164F83247}.checked|x64.Build.0 = checked|x64
		{2C160D95-C6E8-3F78-BF65-F16164F83247}.Debug|x64.ActiveCfg = debug|x64
		{2C160D95-C6E8-3F78-BF65-F16164F83247}.Debug|x64.Build.0 = debug|x64
		{2C160D95-C6E8-3F78-BF65-F16164F83247}.MinSizeRel|x64.ActiveCfg = checked|x64
		{2C160D95-C6E8-3F78-BF65-F16164F83247}.MinSizeRel|x64.Build.0 = checked|x64
		{2C160D95-C6E8-3F78-BF65-F16164F83247}.profile|x64.ActiveCfg = profile|x64
		{2C160D95-C6E8-3F78-BF65-F16164F83247}.profile|x64.Build.0 = profile|x64
		{2C160D95-C6E8-3F78-BF65-F16164F83247}.Release|x64.ActiveCfg = release|x64
		{2C160D95-C6E8-3F78-BF65-F16164F83247}.Release|x64.Build.0 = release|x64
		{2C160D95-C6E8-3F78-BF65-F16164F83247}.RelWithDebInfo|x64.ActiveCfg = release|x64
		{2C160D95-C6E8-3F78-BF65-F16164F83247}.RelWithDebInfo|x64.Build.0 = release|x64
		{D344331D-79AF-3F3A-859B-A33EE2136F72}.checked|x64.ActiveCfg = checked|x64
		{D344331D-79AF-3F3A-859B-A33EE2136F72}.checked|x64.Build.0 = checked|x64
		{D344331D-79AF-3F3A-859B-A33EE2136F72}.Debug|x64.ActiveCfg = debug|x64
		{D344331D-79AF-3F3A-859B-A33EE2136F72}.Debug|x64.Build.0 = debug|x64
		{D344331D-79AF-3F3A-859B-A33EE2136F72}.MinSizeRel|x64.ActiveCfg = checked|x64
		{D344331D-79AF-3F3A-859B-A33EE2136F72}.MinSizeRel|x64.Build.0 = checked|x64
		{D344331D-79AF-3F3A-859B-A33EE2136F72}.profile|x64.ActiveCfg = profile|x64
		{D344331D-79AF-3F3A-859B-A33EE2136F72}.profile|x64.Build.0 = profile|x64
		{D344331D-79AF-3F3A-859B-A33EE2136F72}.Release|x64.ActiveCfg = release|x64
		{D344331D-79AF-3F3A-859B-A33EE2136F72}.Release|x64.Build.0 = release|x64
		{D344331D-79AF-3F3A-859B-A33EE2136F72}.RelWithDebInfo|x64.ActiveCfg = release|x64
		{D344331D-79AF-3F3A-859B-A33EE2136F72}.RelWithDebInfo|x64.Build.0 = release|x64
		{0F8B87A2-0647-301E-9885-EBC6D33DC901}.checked|x64.ActiveCfg = checked|x64
		{0F8B87A2-0647-301E-9885-EBC6D33DC901}.checked|x64.Build.0 = checked|x64
		{0F8B87A2-0647-301E-9885-EBC6D33DC901}.Debug|x64.ActiveCfg = debug|x64
		{0F8B87A2-0647-301E-9885-EBC6D33DC901}.Debug|x64.Build.0 = debug|x64
		{0F8B87A2-0647-301E-9885-EBC6D33DC901}.MinSizeRel|x64.ActiveCfg = checked|x64
		{0F8B87A2-0647-301E-9885-EBC6D33DC901}.MinSizeRel|x64.Build.0 = checked|x64
		{0F8B87A2-0647-301E-9885-EBC6D33DC901}.profile|x64.ActiveCfg = profile|x64
		{0F8B87A2-0647-301E-9885-EBC6D33DC901}.profile|x64.Build.0 = profile|x64
		{0F8B87A2-0647-301E-9885-EBC6D33DC901}.Release|x64.ActiveCfg = release|x64
		{0F8B87A2-0647-301E-9885-EBC6D33DC901}.Release|x64.Build.0 = release|x64
		{0F8B87A2-0647-301E-9885-EBC6D33DC901}.RelWithDebInfo|x64.ActiveCfg = release|x64
		{0F8B87A2-0647-301E-9885-EBC6D33DC901}.RelWithDebInfo|x64.Build.0 = release|x64
		{CFF3BC7E-24FE-3C3C-888E-36836ADEB471}.checked|x64.ActiveCfg = checked|x64
		{CFF3BC7E-24FE-3C3C-888E-36836ADEB471}.checked|x64.Build.0 = checked|x64
		{CFF3BC7E-24FE-3C3C-888E-36836ADEB471}.Debug|x64.ActiveCfg = debug|x64
		{CFF3BC7E-24FE-3C3C-888E-36836ADEB471}.Debug|x64.Build.0 = debug|x64
		{CFF3BC7E-24FE-3C3C-888E-36836ADEB471}.MinSizeRel|x64.ActiveCfg = checked|x64
		{CFF3BC7E-24FE-3C3C-888E-36836ADEB471}.MinSizeRel|x64.Build.0 = checked|x64
		{CFF3BC7E-24FE-3C3C-888E-36836ADEB471}.profile|x64.ActiveCfg = profile|x64
		{CFF3BC7E-24FE-3C3C-888E-36836ADEB471}.profile|x64.Build.0 = profile|x64
		{CFF3BC7E-24FE-3C3C-888E-36836ADEB471}.Release|x64.ActiveCfg = release|x64
		{CFF3BC7E-24FE-3C3C-888E-36836ADEB471}.Release|x64.Build.0 = release|x64
		{CFF3BC7E-24FE-3C3C-888E-36836ADEB471}.RelWithDebInfo|x64.ActiveCfg = release|x64
		{CFF3BC7E-24FE-3C3C-888E-36836ADEB471}.RelWithDebInfo|x64.Build.0 = release|x64
		{4E10700C-C74B-3890-8147-5F3DC1A7E4C1}.checked|x64.ActiveCfg = checked|x64
		{4E10700C-C74B-3890-8147-5F3DC1A7E4C1}.checked|x64.Build.0 = checked|x64
		{4E10700C-C74B-3890-8147-5F3DC1A7E4C1}.Debug|x64.ActiveCfg = debug|x64
		{4E10700C-C74B-3890-8147-5F3DC1A7E4C1}.Debug|x64.Build.0 = debug|x64
		{4E10700C-C74B-3890-8147-5F3DC1A7E4C1}.MinSizeRel|x64.ActiveCfg = checked|x64
		{4E10700C-C74B-3890-8147-5F3DC1A7E4C1}.MinSizeRel|x64.Build.0 = checked|x64
		{4E10700C-C74B-3890-8147-5F3DC1A7E4C1}.profile|x64.ActiveCfg = profile|x64
		{4E10700C-C74B-3890-8147-5F3DC1A7E4C1}.profile|x64.Build.0 = profile|x64
		{4E10700C-C74B-3890-8147-5F3DC1A7E4C1}.Release|x64.ActiveCfg = release|x64
		{4E10700C-C74B-3890-8147-5F3DC1A7E4C1}.Release|x64.Build.0 = release|x64
		{4E10700C-C74B-3890-8147-5F3DC1A7E4C1}.RelWithDebInfo|x64.ActiveCfg = release|x64
		{4E10700C-C74B-3890-8147-5F3DC1A7E4C1}.RelWithDebInfo|x64.Build.0 = release|x64
		{83AD0BC4-BDF1-3F14-8D27-7EABFC6DA86E}.checked|x64.ActiveCfg = checked|x64
		{83AD0BC4-BDF1-3F14-8D27-7EABFC6DA86E}.checked|x64.Build.0 = checked|x64
		{83AD0BC4-BDF1-3F14-8D27-7EABFC6DA86E}.Debug|x64.ActiveCfg = debug|x64
		{83AD0BC4-BDF1-3F14-8D27-7EABFC6DA86E}.Debug|x64.Build.0 = debug|x64
		{83AD0BC4-BDF1-3F14-8D27-7EABFC6DA86E}.MinSizeRel|x64.ActiveCfg = checked|x64
		{83AD0BC4-BDF1-3F14-8D27-7EABFC6DA86E}.MinSizeRel|x64.Build.0 = checked|x64
		{83AD0BC4-BDF1-3F14-8D27-7EABFC6DA86E}.profile|x64.ActiveCfg = profile|x64
		{83AD0BC4-BDF1-3F14-8D27-7EABFC6DA86E}.profile|x64.Build.0 = profile|x64
		{83AD0BC4-BDF1-3F14-8D27-7EABFC6DA86E}.Release|x64.ActiveCfg = release|x64
		{83AD0BC4-BDF1-3F14-8D27-7EABFC6DA86E}.Release|x64.Build.0 = release|x64
		{83AD0BC4-BDF1-3F14-8D27-7EABFC6DA86E}.RelWithDebInfo|x64.ActiveCfg = release|x64
		{83AD0BC4-BDF1-3F14-8D27-7EABFC6DA86E}.RelWithDebInfo|x64.Build.0 = release|x64
		{28F18195-A8F5-38C5-AAC7-9E8D9B9BAFB9}.checked|x64.ActiveCfg = checked|x64
		{28F18195-A8F5-38C5-AAC7-9E8D9B9BAFB9}.checked|x64.Build.0 = checked|x64
		{28F18195-A8F5-38C5-AAC7-9E8D9B9BAFB9}.Debug|x64.ActiveCfg = debug|x64
		{28F18195-A8F5-38C5-AAC7-9E8D9B9BAFB9}.Debug|x64.Build.0 = debug|x64
		{28F18195-A8F5-38C5-AAC7-9E8D9B9BAFB9}.MinSizeRel|x64.ActiveCfg = checked|x64
		{28F18195-A8F5-38C5-AAC7-9E8D9B9BAFB9}.MinSizeRel|x64.Build.0 = checked|x64
		{28F18195-A8F5-38C5-AAC7-9E8D9B9BAFB9}.profile|x64.ActiveCfg = profile|x64
		{28F18195-A8F5-38C5-AAC7-9E8D9B9BAFB9}.profile|x64.Build.0 = profile|x64
		{28F18195-A8F5-38C5-AAC7-9E8D9B9BAFB9}.Release|x64.ActiveCfg = release|x64
		{28F18195-A8F5-38C5-AAC7-9E8D9B9BAFB9}.Release|x64.Build.0 = release|x64
		{28F18195-A8F5-38C5-AAC7-9E8D9B9BAFB9}.RelWithDebInfo|x64.ActiveCfg = release|x64
		{28F18195-A8F5-38C5-AAC7-9E8D9B9BAFB9}.RelWithDebInfo|x64.Build.0 = release|x64
		{025701D9-0CB1-31FB-A0BF-31DD342F7AFB}.checked|x64.ActiveCfg = checked|x64
		{025701D9-0CB1-31FB-A0BF-31DD342F7AFB}.checked|x64.Build.0 = checked|x64
		{025701D9-0CB1-31FB-A0BF-31DD342F7AFB}.Debug|x64.ActiveCfg = debug|x64
		{025701D9-0CB1-31FB-A0BF-31DD342F7AFB}.Debug|x64.Build.0 = debug|x64
		{025701D9-0CB1-31FB-A0BF-31DD342F7AFB}.MinSizeRel|x64.ActiveCfg = checked|x64
		{025701D9-0CB1-31FB-A0BF-31DD342F7AFB}.MinSizeRel|x64.Build.0 = checked|x64
		{025701D9-0CB1-31FB-A0BF-31DD342F7AFB}.profile|x64.ActiveCfg = profile|x64
		{025701D9-0CB1-31FB-A0BF-31DD342F7AFB}.profile|x64.Build.0 = profile|x64
		{025701D9-0CB1-31FB-A0BF-31DD342F7AFB}.Release|x64.ActiveCfg = release|x64
		{025701D9-0CB1-31FB-A0BF-31DD342F7AFB}.Release|x64.Build.0 = release|x64
		{025701D9-0CB1-31FB-A0BF-31DD342F7AFB}.RelWithDebInfo|x64.ActiveCfg = release|x64
		{025701D9-0CB1-31FB-A0BF-31DD342F7AFB}.RelWithDebInfo|x64.Build.0 = release|x64
		{A10BD60D-E96A-3DFC-8CC9-DD6B3DC19929}.checked|x64.ActiveCfg = checked|x64
		{A10BD60D-E96A-3DFC-8CC9-DD6B3DC19929}.checked|x64.Build.0 = checked|x64
		{A10BD60D-E96A-3DFC-8CC9-DD6B3DC19929}.Debug|x64.ActiveCfg = debug|x64
		{A10BD60D-E96A-3DFC-8CC9-DD6B3DC19929}.Debug|x64.Build.0 = debug|x64
		{A10BD60D-E96A-3DFC-8CC9-DD6B3DC19929}.MinSizeRel|x64.ActiveCfg = checked|x64
		{A10BD60D-E96A-3DFC-8CC9-DD6B3DC19929}.MinSizeRel|x64.Build.0 = checked|x64
		{A10BD60D-E96A-3DFC-8CC9-DD6B3DC19929}.profile|x64.ActiveCfg = profile|x64
		{A10BD60D-E96A-3DFC-8CC9-DD6B3DC19929}.profile|x64.Build.0 = profile|x64
		{A10BD60D-E96A-3DFC-8CC9-DD6B3DC19929}.Release|x64.ActiveCfg = release|x64
		{A10BD60D-E96A-3DFC-8CC9-DD6B3DC19929}.Release|x64.Build.0 = release|x64
		{A10BD60D-E96A-3DFC-8CC9-DD6B3DC19929}.RelWithDebInfo|x64.ActiveCfg = release|x64
		{A10BD60D-E96A-3DFC-8CC9-DD6B3DC19929}.RelWithDebInfo|x64.Build.0 = release|x64
		{A82925BF-1BE8-3DB0-AA63-05189E7DA4AF}.checked|x64.ActiveCfg = MinSizeRel|x64
		{A82925BF-1BE8-3DB0-AA63-05189E7DA4AF}.checked|x64.Build.0 = MinSizeRel|x64
		{A82925BF-1BE8-3DB0-AA63-05189E7DA4AF}.Debug|x64.ActiveCfg = Debug|x64
		{A82925BF-1BE8-3DB0-AA63-05189E7DA4AF}.Debug|x64.Build.0 = Debug|x64
		{A82925BF-1BE8-3DB0-AA63-05189E7DA4AF}.MinSizeRel|x64.ActiveCfg = MinSizeRel|x64
		{A82925BF-1BE8-3DB0-AA63-05189E7DA4AF}.MinSizeRel|x64.Build.0 = MinSizeRel|x64
		{A82925BF-1BE8-3DB0-AA63-05189E7DA4AF}.profile|x64.ActiveCfg = MinSizeRel|x64
		{A82925BF-1BE8-3DB0-AA63-05189E7DA4AF}.profile|x64.Build.0 = MinSizeRel|x64
		{A82925BF-1BE8-3DB0-AA63-05189E7DA4AF}.Release|x64.ActiveCfg = Release|x64
		{A82925BF-1BE8-3DB0-AA63-05189E7DA4AF}.Release|x64.Build.0 = Release|x64
		{A82925BF-1BE8-3DB0-AA63-05189E7DA4AF}.RelWithDebInfo|x64.ActiveCfg = RelWithDebInfo|x64
		{A82925BF-1BE8-3DB0-AA63-05189E7DA4AF}.RelWithDebInfo|x64.Build.0 = RelWithDebInfo|x64
		{19CD83BF-02E7-30E6-800E-661ED2B76237}.checked|x64.ActiveCfg = checked|x64
		{19CD83BF-02E7-30E6-800E-661ED2B76237}.checked|x64.Build.0 = checked|x64
		{19CD83BF-02E7-30E6-800E-661ED2B76237}.Debug|x64.ActiveCfg = debug|x64
		{19CD83BF-02E7-30E6-800E-661ED2B76237}.Debug|x64.Build.0 = debug|x64
		{19CD83BF-02E7-30E6-800E-661ED2B76237}.MinSizeRel|x64.ActiveCfg = checked|x64
		{19CD83BF-02E7-30E6-800E-661ED2B76237}.MinSizeRel|x64.Build.0 = checked|x64
		{19CD83BF-02E7-30E6-800E-661ED2B76237}.profile|x64.ActiveCfg = profile|x64
		{19CD83BF-02E7-30E6-800E-661ED2B76237}.profile|x64.Build.0 = profile|x64
		{19CD83BF-02E7-30E6-800E-661ED2B76237}.Release|x64.ActiveCfg = release|x64
		{19CD83BF-02E7-30E6-800E-661ED2B76237}.Release|x64.Build.0 = release|x64
		{19CD83BF-02E7-30E6-800E-661ED2B76237}.RelWithDebInfo|x64.ActiveCfg = release|x64
		{19CD83BF-02E7-30E6-800E-661ED2B76237}.RelWithDebInfo|x64.Build.0 = release|x64
		{8281EACE-DDA0-30A6-AC5E-0FCD0B313528}.checked|x64.ActiveCfg = checked|x64
		{8281EACE-DDA0-30A6-AC5E-0FCD0B313528}.checked|x64.Build.0 = checked|x64
		{8281EACE-DDA0-30A6-AC5E-0FCD0B313528}.Debug|x64.ActiveCfg = debug|x64
		{8281EACE-DDA0-30A6-AC5E-0FCD0B313528}.Debug|x64.Build.0 = debug|x64
		{8281EACE-DDA0-30A6-AC5E-0FCD0B313528}.MinSizeRel|x64.ActiveCfg = checked|x64
		{8281EACE-DDA0-30A6-AC5E-0FCD0B313528}.MinSizeRel|x64.Build.0 = checked|x64
		{8281EACE-DDA0-30A6-AC5E-0FCD0B313528}.profile|x64.ActiveCfg = profile|x64
		{8281EACE-DDA0-30A6-AC5E-0FCD0B313528}.profile|x64.Build.0 = profile|x64
		{8281EACE-DDA0-30A6-AC5E-0FCD0B313528}.Release|x64.ActiveCfg = release|x64
		{8281EACE-DDA0-30A6-AC5E-0FCD0B313528}.Release|x64.Build.0 = release|x64
		{8281EACE-DDA0-30A6-AC5E-0FCD0B313528}.RelWithDebInfo|x64.ActiveCfg = release|x64
		{8281EACE-DDA0-30A6-AC5E-0FCD0B313528}.RelWithDebInfo|x64.Build.0 = release|x64
	EndGlobalSection
	GlobalSection(SolutionProperties) = preSolution
		HideSolutionNode = FALSE
	EndGlobalSection
	GlobalSection(ExtensibilityGlobals) = postSolution
		SolutionGuid = {D90E1BE7-3E29-4E7F-8E3A-8D802570A8FF}
	EndGlobalSection
EndGlobal
