<?xml version="1.0" encoding="utf-8"?>
<Project ToolsVersion="4.0" xmlns="http://schemas.microsoft.com/developer/msbuild/2003">
  <ItemGroup>
    <Filter Include="win32">
      <!--<UniqueIdentifier>{84a8ebd8-7cf0-47f6-b75e-d441df67da40}</UniqueIdentifier>-->
    </Filter>
    <Filter Include=""></Filter>
  </ItemGroup>
  <ItemGroup>
  <!--
    <ClCompile Include="main.cpp"><Filter>win32</Filter></ClCompile>
    <ClCompile Include="../Classes/engine/system/SystemUtilsBuildID.cpp" />
    <ClCompile Include="WindowsSpecific/WindowsResolution.cpp"><Filter>win32</Filter></ClCompile>
    <ClCompile Include="WindowsSpecific/AllocationTracker.cpp"><Filter>win32</Filter></ClCompile>
    <ClCompile Include="WindowsSpecific/MemoryConsumptionTracker.cpp"><Filter>win32</Filter></ClCompile>
    <ClCompile Include="WindowsSpecific/ViewerMenuSpine.cpp"><Filter>win32</Filter></ClCompile>
    <ClCompile Include="WindowsSpecific/ViewerSpineSequencer.cpp"><Filter>win32</Filter></ClCompile>
	<ClCompile Include="WindowsSpecific/UnitViewer.cpp"><Filter>win32</Filter></ClCompile>
  -->

  </ItemGroup>
  <ItemGroup>

  </ItemGroup>
  <ItemGroup>
<ClCompile Include="src\Actor.cpp"><Filter></Filter></ClCompile>
<ClCompile Include="src\Allocator.cpp"><Filter></Filter></ClCompile>
<ClCompile Include="src\Application.cpp"><Filter></Filter></ClCompile>
<ClCompile Include="src\CameraComponent.cpp"><Filter></Filter></ClCompile>
<ClCompile Include="src\ColliderComponent.cpp"><Filter></Filter></ClCompile>
<ClCompile Include="src\Color.cpp"><Filter></Filter></ClCompile>
<ClCompile Include="src\Component.cpp"><Filter></Filter></ClCompile>
<ClCompile Include="src\D3d12GpuDevice.cpp"><Filter></Filter></ClCompile>
<ClCompile Include="src\D3dShader.cpp"><Filter></Filter></ClCompile>
<ClCompile Include="src\DebugLine.cpp"><Filter></Filter></ClCompile>
<ClCompile Include="src\DebugMesh.cpp"><Filter></Filter></ClCompile>
<ClCompile Include="src\Error.cpp"><Filter></Filter></ClCompile>
<ClCompile Include="src\FreeCam.cpp"><Filter></Filter></ClCompile>
<ClCompile Include="src\GpuDevice.cpp"><Filter></Filter></ClCompile>
<ClCompile Include="src\GpuDeviceHelper.cpp"><Filter></Filter></ClCompile>
<ClCompile Include="src\InputListener.cpp"><Filter></Filter></ClCompile>
<ClCompile Include="src\LightComponent.cpp"><Filter></Filter></ClCompile>
<ClCompile Include="src\main.cpp"><Filter></Filter></ClCompile>
<ClCompile Include="src\Material.cpp"><Filter></Filter></ClCompile>
<ClCompile Include="src\MaterialInstance.cpp"><Filter></Filter></ClCompile>
<ClCompile Include="src\MaterialManager.cpp"><Filter></Filter></ClCompile>
<ClCompile Include="src\Mesh.cpp"><Filter></Filter></ClCompile>
<ClCompile Include="src\Renderer.cpp"><Filter></Filter></ClCompile>
<ClCompile Include="src\RendererComponent.cpp"><Filter></Filter></ClCompile>
<ClCompile Include="src\RendererDirectX12.cpp"><Filter></Filter></ClCompile>
<ClCompile Include="src\RendererVulkan.cpp"><Filter></Filter></ClCompile>
<ClCompile Include="src\RenderQueue.cpp"><Filter></Filter></ClCompile>
<ClCompile Include="src\RenderQueueHelper.cpp"><Filter></Filter></ClCompile>
<ClCompile Include="src\Scene.cpp"><Filter></Filter></ClCompile>
<ClCompile Include="src\SceneComponent.cpp"><Filter></Filter></ClCompile>
<ClCompile Include="src\ScreenHelper.cpp"><Filter></Filter></ClCompile>
<ClCompile Include="src\Shader.cpp"><Filter></Filter></ClCompile>
<ClCompile Include="src\StaticMeshComponent.cpp"><Filter></Filter></ClCompile>
<ClCompile Include="src\Texture.cpp"><Filter></Filter></ClCompile>
<ClCompile Include="src\VkGpuDevice.cpp"><Filter></Filter></ClCompile>
<ClCompile Include="src\VkMaterial.cpp"><Filter></Filter></ClCompile>
<ClCompile Include="src\VkMaterialInstance.cpp"><Filter></Filter></ClCompile>
<ClCompile Include="src\VkMesh.cpp"><Filter></Filter></ClCompile>
<ClCompile Include="src\VkShader.cpp"><Filter></Filter></ClCompile>
<ClCompile Include="src\VkTexture.cpp"><Filter></Filter></ClCompile>


  </ItemGroup>
  <ItemGroup>
  <!--
    <ClInclude Include="main.h"><Filter>win32</Filter></ClInclude>
    <ClInclude Include="WindowsSpecific/WindowsResolution.hpp"><Filter>win32</Filter></ClInclude>
    <ClInclude Include="WindowsSpecific/AllocationTracker.hpp"><Filter>win32</Filter></ClInclude>
    <ClInclude Include="WindowsSpecific/MemoryConsumptionTracker.hpp"><Filter>win32</Filter></ClInclude>
    <ClInclude Include="WindowsSpecific/ViewerMenuSpine.hpp"><Filter>win32</Filter></ClInclude>
    <ClInclude Include="WindowsSpecific/ViewerSpineSequencer.hpp"><Filter>win32</Filter></ClInclude>
	<ClInclude Include="WindowsSpecific/UnitViewer.hpp"><Filter>win32</Filter></ClInclude>
  -->
<ClInclude Include="src\Actor.h"><Filter></Filter></ClInclude>
<ClInclude Include="src\Allocator.h"><Filter></Filter></ClInclude>
<ClInclude Include="src\Application.h"><Filter></Filter></ClInclude>
<ClInclude Include="src\CameraComponent.h"><Filter></Filter></ClInclude>
<ClInclude Include="src\ColliderComponent.h"><Filter></Filter></ClInclude>
<ClInclude Include="src\Color.h"><Filter></Filter></ClInclude>
<ClInclude Include="src\Component.h"><Filter></Filter></ClInclude>
<ClInclude Include="src\D3d12GpuDevice.h"><Filter></Filter></ClInclude>
<ClInclude Include="src\D3dShader.h"><Filter></Filter></ClInclude>
<ClInclude Include="src\DebugLine.h"><Filter></Filter></ClInclude>
<ClInclude Include="src\DebugMesh.h"><Filter></Filter></ClInclude>
<ClInclude Include="src\Error.h"><Filter></Filter></ClInclude>
<ClInclude Include="src\FreeCam.h"><Filter></Filter></ClInclude>
<ClInclude Include="src\GpuDevice.h"><Filter></Filter></ClInclude>
<ClInclude Include="src\GpuDeviceHelper.h"><Filter></Filter></ClInclude>
<ClInclude Include="src\GraphicsSettings.h"><Filter></Filter></ClInclude>
<ClInclude Include="src\InputListener.h"><Filter></Filter></ClInclude>
<ClInclude Include="src\LightComponent.h"><Filter></Filter></ClInclude>
<ClInclude Include="src\Line_3P_3C.h"><Filter></Filter></ClInclude>
<ClInclude Include="src\Material.h"><Filter></Filter></ClInclude>
<ClInclude Include="src\MaterialInstance.h"><Filter></Filter></ClInclude>
<ClInclude Include="src\MaterialManager.h"><Filter></Filter></ClInclude>
<ClInclude Include="src\Mesh.h"><Filter></Filter></ClInclude>
<ClInclude Include="src\PointLight.h"><Filter></Filter></ClInclude>
<ClInclude Include="src\Renderer.h"><Filter></Filter></ClInclude>
<ClInclude Include="src\RendererComponent.h"><Filter></Filter></ClInclude>
<ClInclude Include="src\RendererDirectX12.h"><Filter></Filter></ClInclude>
<ClInclude Include="src\RendererVulkan.h"><Filter></Filter></ClInclude>
<ClInclude Include="src\RenderQueue.h"><Filter></Filter></ClInclude>
<ClInclude Include="src\RenderQueueHelper.h"><Filter></Filter></ClInclude>
<ClInclude Include="src\SceneComponent.h"><Filter></Filter></ClInclude>
<ClInclude Include="src\ScreenHelper.h"><Filter></Filter></ClInclude>
<ClInclude Include="src\Shader.h"><Filter></Filter></ClInclude>
<ClInclude Include="src\StaticMeshComponent.h"><Filter></Filter></ClInclude>
<ClInclude Include="src\Texture.h"><Filter></Filter></ClInclude>
<ClInclude Include="src\Tri_3P_3C.h"><Filter></Filter></ClInclude>
<ClInclude Include="src\Vertex_3P_3C.h"><Filter></Filter></ClInclude>
<ClInclude Include="src\VkGpuDevice.h"><Filter></Filter></ClInclude>
<ClInclude Include="src\VkMaterial.h"><Filter></Filter></ClInclude>
<ClInclude Include="src\VkMaterialInstance.h"><Filter></Filter></ClInclude>
<ClInclude Include="src\VkMesh.h"><Filter></Filter></ClInclude>
<ClInclude Include="src\VkShader.h"><Filter></Filter></ClInclude>
<ClInclude Include="src\VkTexture.h"><Filter></Filter></ClInclude>

<ClInclude Include="src\Scene.hpp"><Filter></Filter></ClInclude>

  </ItemGroup>
</Project>
